{
  "version": 1,
  "dependencies": {
    "net10.0": {
      "Magick.NET-Q16-x64": {
        "type": "Direct",
        "requested": "[14.16.0, 14.16.0]",
        "resolved": "14.16.0",
        "contentHash": "kxL39JnQUGTOb5Mlh4bnXB3+9ATkIJqNdmz9XS0Va+0p7kKcNb6YQzZ5mXK5hiIisj+IN1gGk7h4r0Tp4YsT1w==",
        "dependencies": {
          "Magick.NET.Core": "14.16.0"
        }
      },
      "MetadataExtractor": {
        "type": "Direct",
        "requested": "[2.9.3, 2.9.3]",
        "resolved": "2.9.3",
        "contentHash": "7dBcqlPC2Zc/bsZtXnv8nCWe5h5WsLHszzHtxnpcsVy4MwlD3KQ3wVNoiYBm0a3rzt5hRwAosPvLPhlXrV5lyg==",
        "dependencies": {
          "XmpCore": "6.1.10.1"
        }
      },
      "Microsoft.NET.ILLink.Tasks": {
        "type": "Direct",
        "requested": "[10.0.11, )",
        "resolved": "10.0.11",
        "contentHash": "IBf7lbovvjGWVWXZX5cJ/cO0WXbId0Zq4BuSeT94mGZuOAP66oMeH9PTBZ9Jpp3Jb6jtK0qm/NyUbPRo1gC/wQ=="
      },
      "Magick.NET.Core": {
        "type": "Transitive",
        "resolved": "14.16.0",
        "contentHash": "ddBX/Zb0sCsX4agqHdHeqUx+grfw8I7GFU+lgut3mtNl7roxbxemSQFGLIJXtzwPuAHxbaMtkXA+ijVl02EUhQ=="
      },
      "XmpCore": {
        "type": "Transitive",
        "resolved": "6.1.10.1",
        "contentHash": "/Tp2/e39e7z8hLtS4TXt0FNNZHbf5yNFfHS0/59soXlgOzZlyRZivvzWpvujyaWkTWWgecp/1nHxkuc5vntn7A=="
      },
      "qiongtu.contracts": {
        "type": "Project"
      }
    },
    "net10.0/win-x64": {
      "Magick.NET-Q16-x64": {
        "type": "Direct",
        "requested": "[14.16.0, 14.16.0]",
        "resolved": "14.16.0",
        "contentHash": "kxL39JnQUGTOb5Mlh4bnXB3+9ATkIJqNdmz9XS0Va+0p7kKcNb6YQzZ5mXK5hiIisj+IN1gGk7h4r0Tp4YsT1w==",
        "dependencies": {
          "Magick.NET.Core": "14.16.0"
        }
      }
    }
  }
}